
Microsoft Visual Studio Solution File, Format Version 12.00
# Visual Studio Version 16
VisualStudioVersion = 16.0.30907.101
MinimumVisualStudioVersion = 10.0.40219.1
Project("{9A19103F-16F7-4668-BE54-9A1E7A4F7556}") = "Andromeda.Serialization", "src\Andromeda.Serialization\Andromeda.Serialization.csproj", "{90838D53-7923-475F-96AA-B22DBB8CF957}"
EndProject
Project("{2150E333-8FDC-42A3-9474-1A3956D46DE8}") = "src", "src", "{4980E7E1-70B6-4727-86A7-F839B29451C0}"
EndProject
Project("{FAE04EC0-301F-11D3-BF4B-00C04F79EFBC}") = "Andromeda.Serialization.Extensions", "src\Andromeda.Serialization.Extensions\Andromeda.Serialization.Extensions.csproj", "{4B5A7449-1F66-4D68-B96A-520D4314718D}"
EndProject
Global
	GlobalSection(SolutionConfigurationPlatforms) = preSolution
		Debug|Any CPU = Debug|Any CPU
		Release|Any CPU = Release|Any CPU
	EndGlobalSection
	GlobalSection(ProjectConfigurationPlatforms) = postSolution
		{90838D53-7923-475F-96AA-B22DBB8CF957}.Debug|Any CPU.ActiveCfg = Debug|Any CPU
		{90838D53-7923-475F-96AA-B22DBB8CF957}.Debug|Any CPU.Build.0 = Debug|Any CPU
		{90838D53-7923-475F-96AA-B22DBB8CF957}.Release|Any CPU.ActiveCfg = Release|Any CPU
		{90838D53-7923-475F-96AA-B22DBB8CF957}.Release|Any CPU.Build.0 = Release|Any CPU
		{4B5A7449-1F66-4D68-B96A-520D4314718D}.Debug|Any CPU.ActiveCfg = Debug|Any CPU
		{4B5A7449-1F66-4D68-B96A-520D4314718D}.Debug|Any CPU.Build.0 = Debug|Any CPU
		{4B5A7449-1F66-4D68-B96A-520D4314718D}.Release|Any CPU.ActiveCfg = Release|Any CPU
		{4B5A7449-1F66-4D68-B96A-520D4314718D}.Release|Any CPU.Build.0 = Release|Any CPU
	EndGlobalSection
	GlobalSection(SolutionProperties) = preSolution
		HideSolutionNode = FALSE
	EndGlobalSection
	GlobalSection(NestedProjects) = preSolution
		{90838D53-7923-475F-96AA-B22DBB8CF957} = {4980E7E1-70B6-4727-86A7-F839B29451C0}
		{4B5A7449-1F66-4D68-B96A-520D4314718D} = {4980E7E1-70B6-4727-86A7-F839B29451C0}
	EndGlobalSection
	GlobalSection(ExtensibilityGlobals) = postSolution
		SolutionGuid = {E01613FE-28AC-4854-B18F-CF93AEE61E2B}
	EndGlobalSection
EndGlobal
